
Microsoft Visual Studio Solution File, Format Version 12.00
# Visual Studio Version 17
VisualStudioVersion = 17.1.32210.238
MinimumVisualStudioVersion = 10.0.40219.1
Project("{9A19103F-16F7-4668-BE54-9A1E7A4F7556}") = "Tour_Planner", "Tour_Planner\Tour_Planner.csproj", "{90D658C4-9A80-4616-B835-BB23F6F2DB75}"
EndProject
Project("{FAE04EC0-301F-11D3-BF4B-00C04F79EFBC}") = "Tour_Planner.Test", "Tour_Planner.Test\Tour_Planner.Test.csproj", "{2A7C323A-838E-4696-BDCB-641734953087}"
	ProjectSection(ProjectDependencies) = postProject
		{90D658C4-9A80-4616-B835-BB23F6F2DB75} = {90D658C4-9A80-4616-B835-BB23F6F2DB75}
	EndProjectSection
EndProject
Global
	GlobalSection(SolutionConfigurationPlatforms) = preSolution
		Debug|Any CPU = Debug|Any CPU
		Release|Any CPU = Release|Any CPU
	EndGlobalSection
	GlobalSection(ProjectConfigurationPlatforms) = postSolution
		{90D658C4-9A80-4616-B835-BB23F6F2DB75}.Debug|Any CPU.ActiveCfg = Debug|Any CPU
		{90D658C4-9A80-4616-B835-BB23F6F2DB75}.Debug|Any CPU.Build.0 = Debug|Any CPU
		{90D658C4-9A80-4616-B835-BB23F6F2DB75}.Release|Any CPU.ActiveCfg = Release|Any CPU
		{90D658C4-9A80-4616-B835-BB23F6F2DB75}.Release|Any CPU.Build.0 = Release|Any CPU
		{2A7C323A-838E-4696-BDCB-641734953087}.Debug|Any CPU.ActiveCfg = Debug|Any CPU
		{2A7C323A-838E-4696-BDCB-641734953087}.Debug|Any CPU.Build.0 = Debug|Any CPU
		{2A7C323A-838E-4696-BDCB-641734953087}.Release|Any CPU.ActiveCfg = Release|Any CPU
		{2A7C323A-838E-4696-BDCB-641734953087}.Release|Any CPU.Build.0 = Release|Any CPU
	EndGlobalSection
	GlobalSection(SolutionProperties) = preSolution
		HideSolutionNode = FALSE
	EndGlobalSection
	GlobalSection(ExtensibilityGlobals) = postSolution
		SolutionGuid = {F4D34503-5B76-4BEE-A74D-B3163CB34F48}
	EndGlobalSection
EndGlobal
